// !$*UTF8*$!
{
	archiveVersion = 1;
	classes = {
	};
	objectVersion = 56;
	objects = {

/* Begin PBXBuildFile section */
		F909843F29B35987007DD0F8 /* TwitterSwiftUIApp.swift in Sources */ = {isa = PBXBuildFile; fileRef = F909843E29B35987007DD0F8 /* TwitterSwiftUIApp.swift */; };
		F909844129B35987007DD0F8 /* ContentView.swift in Sources */ = {isa = PBXBuildFile; fileRef = F909844029B35987007DD0F8 /* ContentView.swift */; };
		F909844329B35989007DD0F8 /* Assets.xcassets in Resources */ = {isa = PBXBuildFile; fileRef = F909844229B35989007DD0F8 /* Assets.xcassets */; };
		F909844629B35989007DD0F8 /* Preview Assets.xcassets in Resources */ = {isa = PBXBuildFile; fileRef = F909844529B35989007DD0F8 /* Preview Assets.xcassets */; };
		F909845629B35C3A007DD0F8 /* FeedView.swift in Sources */ = {isa = PBXBuildFile; fileRef = F909845529B35C3A007DD0F8 /* FeedView.swift */; };
		F909845929B35D56007DD0F8 /* TweetsRowView.swift in Sources */ = {isa = PBXBuildFile; fileRef = F909845829B35D56007DD0F8 /* TweetsRowView.swift */; };
		F909845C29B48E80007DD0F8 /* MainTabView.swift in Sources */ = {isa = PBXBuildFile; fileRef = F909845B29B48E80007DD0F8 /* MainTabView.swift */; };
		F909846229B4961E007DD0F8 /* ExploreView.swift in Sources */ = {isa = PBXBuildFile; fileRef = F909846129B4961E007DD0F8 /* ExploreView.swift */; };
		F909846429B49635007DD0F8 /* NotificationsView.swift in Sources */ = {isa = PBXBuildFile; fileRef = F909846329B49635007DD0F8 /* NotificationsView.swift */; };
		F909846629B49645007DD0F8 /* MessagesView.swift in Sources */ = {isa = PBXBuildFile; fileRef = F909846529B49645007DD0F8 /* MessagesView.swift */; };
		F95CC47329B795F800781232 /* ProfileView.swift in Sources */ = {isa = PBXBuildFile; fileRef = F95CC47229B795F800781232 /* ProfileView.swift */; };
		F95CC47529B7D02D00781232 /* TweetFilterViewModel.swift in Sources */ = {isa = PBXBuildFile; fileRef = F95CC47429B7D02D00781232 /* TweetFilterViewModel.swift */; };
		F95CC47A29BA000600781232 /* UserRowView.swift in Sources */ = {isa = PBXBuildFile; fileRef = F95CC47929BA000600781232 /* UserRowView.swift */; };
/* End PBXBuildFile section */

/* Begin PBXFileReference section */
		F909843B29B35987007DD0F8 /* TwitterSwiftUI.app */ = {isa = PBXFileReference; explicitFileType = wrapper.application; includeInIndex = 0; path = TwitterSwiftUI.app; sourceTree = BUILT_PRODUCTS_DIR; };
		F909843E29B35987007DD0F8 /* TwitterSwiftUIApp.swift */ = {isa = PBXFileReference; lastKnownFileType = sourcecode.swift; path = TwitterSwiftUIApp.swift; sourceTree = "<group>"; };
		F909844029B35987007DD0F8 /* ContentView.swift */ = {isa = PBXFileReference; lastKnownFileType = sourcecode.swift; path = ContentView.swift; sourceTree = "<group>"; };
		F909844229B35989007DD0F8 /* Assets.xcassets */ = {isa = PBXFileReference; lastKnownFileType = folder.assetcatalog; path = Assets.xcassets; sourceTree = "<group>"; };
		F909844529B35989007DD0F8 /* Preview Assets.xcassets */ = {isa = PBXFileReference; lastKnownFileType = folder.assetcatalog; path = "Preview Assets.xcassets"; sourceTree = "<group>"; };
		F909845529B35C3A007DD0F8 /* FeedView.swift */ = {isa = PBXFileReference; lastKnownFileType = sourcecode.swift; path = FeedView.swift; sourceTree = "<group>"; };
		F909845829B35D56007DD0F8 /* TweetsRowView.swift */ = {isa = PBXFileReference; lastKnownFileType = sourcecode.swift; path = TweetsRowView.swift; sourceTree = "<group>"; };
		F909845B29B48E80007DD0F8 /* MainTabView.swift */ = {isa = PBXFileReference; lastKnownFileType = sourcecode.swift; path = MainTabView.swift; sourceTree = "<group>"; };
		F909846129B4961E007DD0F8 /* ExploreView.swift */ = {isa = PBXFileReference; lastKnownFileType = sourcecode.swift; path = ExploreView.swift; sourceTree = "<group>"; };
		F909846329B49635007DD0F8 /* NotificationsView.swift */ = {isa = PBXFileReference; lastKnownFileType = sourcecode.swift; path = NotificationsView.swift; sourceTree = "<group>"; };
		F909846529B49645007DD0F8 /* MessagesView.swift */ = {isa = PBXFileReference; lastKnownFileType = sourcecode.swift; path = MessagesView.swift; sourceTree = "<group>"; };
		F95CC47229B795F800781232 /* ProfileView.swift */ = {isa = PBXFileReference; lastKnownFileType = sourcecode.swift; path = ProfileView.swift; sourceTree = "<group>"; };
		F95CC47429B7D02D00781232 /* TweetFilterViewModel.swift */ = {isa = PBXFileReference; lastKnownFileType = sourcecode.swift; path = TweetFilterViewModel.swift; sourceTree = "<group>"; };
		F95CC47929BA000600781232 /* UserRowView.swift */ = {isa = PBXFileReference; lastKnownFileType = sourcecode.swift; path = UserRowView.swift; sourceTree = "<group>"; };
/* End PBXFileReference section */

/* Begin PBXFrameworksBuildPhase section */
		F909843829B35987007DD0F8 /* Frameworks */ = {
			isa = PBXFrameworksBuildPhase;
			buildActionMask = 2147483647;
			files = (
			);
			runOnlyForDeploymentPostprocessing = 0;
		};
/* End PBXFrameworksBuildPhase section */

/* Begin PBXGroup section */
		F909843229B35987007DD0F8 = {
			isa = PBXGroup;
			children = (
				F909843D29B35987007DD0F8 /* TwitterSwiftUI */,
				F909843C29B35987007DD0F8 /* Products */,
			);
			sourceTree = "<group>";
		};
		F909843C29B35987007DD0F8 /* Products */ = {
			isa = PBXGroup;
			children = (
				F909843B29B35987007DD0F8 /* TwitterSwiftUI.app */,
			);
			name = Products;
			sourceTree = "<group>";
		};
		F909843D29B35987007DD0F8 /* TwitterSwiftUI */ = {
			isa = PBXGroup;
			children = (
				F909845029B35B83007DD0F8 /* Model */,
				F909844F29B35B82007DD0F8 /* Extension */,
				F909844C29B35B78007DD0F8 /* Service */,
				F909844E29B35B7F007DD0F8 /* Core */,
				F909843E29B35987007DD0F8 /* TwitterSwiftUIApp.swift */,
				F909844029B35987007DD0F8 /* ContentView.swift */,
				F909844229B35989007DD0F8 /* Assets.xcassets */,
				F909844429B35989007DD0F8 /* Preview Content */,
			);
			path = TwitterSwiftUI;
			sourceTree = "<group>";
		};
		F909844429B35989007DD0F8 /* Preview Content */ = {
			isa = PBXGroup;
			children = (
				F909844529B35989007DD0F8 /* Preview Assets.xcassets */,
			);
			path = "Preview Content";
			sourceTree = "<group>";
		};
		F909844C29B35B78007DD0F8 /* Service */ = {
			isa = PBXGroup;
			children = (
			);
			path = Service;
			sourceTree = "<group>";
		};
		F909844E29B35B7F007DD0F8 /* Core */ = {
			isa = PBXGroup;
			children = (
				F909845129B35BA7007DD0F8 /* Components */,
				F909846029B495EB007DD0F8 /* Profile */,
				F909845F29B495E1007DD0F8 /* Messages */,
				F909845E29B495DB007DD0F8 /* Notifications */,
				F909845D29B495D2007DD0F8 /* Explore */,
				F909845A29B48E5D007DD0F8 /* MainTab */,
				F909845229B35BB3007DD0F8 /* Feed */,
			);
			path = Core;
			sourceTree = "<group>";
		};
		F909844F29B35B82007DD0F8 /* Extension */ = {
			isa = PBXGroup;
			children = (
			);
			path = Extension;
			sourceTree = "<group>";
		};
		F909845029B35B83007DD0F8 /* Model */ = {
			isa = PBXGroup;
			children = (
			);
			path = Model;
			sourceTree = "<group>";
		};
		F909845129B35BA7007DD0F8 /* Components */ = {
			isa = PBXGroup;
			children = (
				F95CC47829B9FFFA00781232 /* Users */,
				F909845729B35D10007DD0F8 /* Tweets */,
			);
			path = Components;
			sourceTree = "<group>";
		};
		F909845229B35BB3007DD0F8 /* Feed */ = {
			isa = PBXGroup;
			children = (
				F909845429B35BFC007DD0F8 /* View */,
				F909845329B35BEE007DD0F8 /* ViewModels */,
			);
			path = Feed;
			sourceTree = "<group>";
		};
		F909845329B35BEE007DD0F8 /* ViewModels */ = {
			isa = PBXGroup;
			children = (
			);
			path = ViewModels;
			sourceTree = "<group>";
		};
		F909845429B35BFC007DD0F8 /* View */ = {
			isa = PBXGroup;
			children = (
				F909845529B35C3A007DD0F8 /* FeedView.swift */,
			);
			path = View;
			sourceTree = "<group>";
		};
		F909845729B35D10007DD0F8 /* Tweets */ = {
			isa = PBXGroup;
			children = (
				F909845829B35D56007DD0F8 /* TweetsRowView.swift */,
			);
			path = Tweets;
			sourceTree = "<group>";
		};
		F909845A29B48E5D007DD0F8 /* MainTab */ = {
			isa = PBXGroup;
			children = (
				F909845B29B48E80007DD0F8 /* MainTabView.swift */,
			);
			path = MainTab;
			sourceTree = "<group>";
		};
		F909845D29B495D2007DD0F8 /* Explore */ = {
			isa = PBXGroup;
			children = (
				F95CC47629B9FFD900781232 /* ViewModels */,
				F95CC47729B9FFE100781232 /* Views */,
			);
			path = Explore;
			sourceTree = "<group>";
		};
		F909845E29B495DB007DD0F8 /* Notifications */ = {
			isa = PBXGroup;
			children = (
				F909846329B49635007DD0F8 /* NotificationsView.swift */,
			);
			path = Notifications;
			sourceTree = "<group>";
		};
		F909845F29B495E1007DD0F8 /* Messages */ = {
			isa = PBXGroup;
			children = (
				F909846529B49645007DD0F8 /* MessagesView.swift */,
			);
			path = Messages;
			sourceTree = "<group>";
		};
		F909846029B495EB007DD0F8 /* Profile */ = {
			isa = PBXGroup;
			children = (
				F95CC47129B795E600781232 /* Views */,
				F95CC47029B795DF00781232 /* ViewModels */,
			);
			path = Profile;
			sourceTree = "<group>";
		};
		F95CC47029B795DF00781232 /* ViewModels */ = {
			isa = PBXGroup;
			children = (
				F95CC47429B7D02D00781232 /* TweetFilterViewModel.swift */,
			);
			path = ViewModels;
			sourceTree = "<group>";
		};
		F95CC47129B795E600781232 /* Views */ = {
			isa = PBXGroup;
			children = (
				F95CC47229B795F800781232 /* ProfileView.swift */,
			);
			path = Views;
			sourceTree = "<group>";
		};
		F95CC47629B9FFD900781232 /* ViewModels */ = {
			isa = PBXGroup;
			children = (
			);
			path = ViewModels;
			sourceTree = "<group>";
		};
		F95CC47729B9FFE100781232 /* Views */ = {
			isa = PBXGroup;
			children = (
				F909846129B4961E007DD0F8 /* ExploreView.swift */,
			);
			path = Views;
			sourceTree = "<group>";
		};
		F95CC47829B9FFFA00781232 /* Users */ = {
			isa = PBXGroup;
			children = (
				F95CC47929BA000600781232 /* UserRowView.swift */,
			);
			path = Users;
			sourceTree = "<group>";
		};
/* End PBXGroup section */

/* Begin PBXNativeTarget section */
		F909843A29B35987007DD0F8 /* TwitterSwiftUI */ = {
			isa = PBXNativeTarget;
			buildConfigurationList = F909844929B35989007DD0F8 /* Build configuration list for PBXNativeTarget "TwitterSwiftUI" */;
			buildPhases = (
				F909843729B35987007DD0F8 /* Sources */,
				F909843829B35987007DD0F8 /* Frameworks */,
				F909843929B35987007DD0F8 /* Resources */,
			);
			buildRules = (
			);
			dependencies = (
			);
			name = TwitterSwiftUI;
			productName = TwitterSwiftUI;
			productReference = F909843B29B35987007DD0F8 /* TwitterSwiftUI.app */;
			productType = "com.apple.product-type.application";
		};
/* End PBXNativeTarget section */

/* Begin PBXProject section */
		F909843329B35987007DD0F8 /* Project object */ = {
			isa = PBXProject;
			attributes = {
				BuildIndependentTargetsInParallel = 1;
				LastSwiftUpdateCheck = 1420;
				LastUpgradeCheck = 1420;
				TargetAttributes = {
					F909843A29B35987007DD0F8 = {
						CreatedOnToolsVersion = 14.2;
					};
				};
			};
			buildConfigurationList = F909843629B35987007DD0F8 /* Build configuration list for PBXProject "TwitterSwiftUI" */;
			compatibilityVersion = "Xcode 14.0";
			developmentRegion = en;
			hasScannedForEncodings = 0;
			knownRegions = (
				en,
				Base,
			);
			mainGroup = F909843229B35987007DD0F8;
			productRefGroup = F909843C29B35987007DD0F8 /* Products */;
			projectDirPath = "";
			projectRoot = "";
			targets = (
				F909843A29B35987007DD0F8 /* TwitterSwiftUI */,
			);
		};
/* End PBXProject section */

/* Begin PBXResourcesBuildPhase section */
		F909843929B35987007DD0F8 /* Resources */ = {
			isa = PBXResourcesBuildPhase;
			buildActionMask = 2147483647;
			files = (
				F909844629B35989007DD0F8 /* Preview Assets.xcassets in Resources */,
				F909844329B35989007DD0F8 /* Assets.xcassets in Resources */,
			);
			runOnlyForDeploymentPostprocessing = 0;
		};
/* End PBXResourcesBuildPhase section */

/* Begin PBXSourcesBuildPhase section */
		F909843729B35987007DD0F8 /* Sources */ = {
			isa = PBXSourcesBuildPhase;
			buildActionMask = 2147483647;
			files = (
				F909846629B49645007DD0F8 /* MessagesView.swift in Sources */,
				F95CC47329B795F800781232 /* ProfileView.swift in Sources */,
				F909844129B35987007DD0F8 /* ContentView.swift in Sources */,
				F909845929B35D56007DD0F8 /* TweetsRowView.swift in Sources */,
				F95CC47529B7D02D00781232 /* TweetFilterViewModel.swift in Sources */,
				F909845629B35C3A007DD0F8 /* FeedView.swift in Sources */,
				F909843F29B35987007DD0F8 /* TwitterSwiftUIApp.swift in Sources */,
				F909846229B4961E007DD0F8 /* ExploreView.swift in Sources */,
				F95CC47A29BA000600781232 /* UserRowView.swift in Sources */,
				F909845C29B48E80007DD0F8 /* MainTabView.swift in Sources */,
				F909846429B49635007DD0F8 /* NotificationsView.swift in Sources */,
			);
			runOnlyForDeploymentPostprocessing = 0;
		};
/* End PBXSourcesBuildPhase section */

/* Begin XCBuildConfiguration section */
		F909844729B35989007DD0F8 /* Debug */ = {
			isa = XCBuildConfiguration;
			buildSettings = {
				ALWAYS_SEARCH_USER_PATHS = NO;
				CLANG_ANALYZER_NONNULL = YES;
				CLANG_ANALYZER_NUMBER_OBJECT_CONVERSION = YES_AGGRESSIVE;
				CLANG_CXX_LANGUAGE_STANDARD = "gnu++20";
				CLANG_ENABLE_MODULES = YES;
				CLANG_ENABLE_OBJC_ARC = YES;
				CLANG_ENABLE_OBJC_WEAK = YES;
				CLANG_WARN_BLOCK_CAPTURE_AUTORELEASING = YES;
				CLANG_WARN_BOOL_CONVERSION = YES;
				CLANG_WARN_COMMA = YES;
				CLANG_WARN_CONSTANT_CONVERSION = YES;
				CLANG_WARN_DEPRECATED_OBJC_IMPLEMENTATIONS = YES;
				CLANG_WARN_DIRECT_OBJC_ISA_USAGE = YES_ERROR;
				CLANG_WARN_DOCUMENTATION_COMMENTS = YES;
				CLANG_WARN_EMPTY_BODY = YES;
				CLANG_WARN_ENUM_CONVERSION = YES;
				CLANG_WARN_INFINITE_RECURSION = YES;
				CLANG_WARN_INT_CONVERSION = YES;
				CLANG_WARN_NON_LITERAL_NULL_CONVERSION = YES;
				CLANG_WARN_OBJC_IMPLICIT_RETAIN_SELF = YES;
				CLANG_WARN_OBJC_LITERAL_CONVERSION = YES;
				CLANG_WARN_OBJC_ROOT_CLASS = YES_ERROR;
				CLANG_WARN_QUOTED_INCLUDE_IN_FRAMEWORK_HEADER = YES;
				CLANG_WARN_RANGE_LOOP_ANALYSIS = YES;
				CLANG_WARN_STRICT_PROTOTYPES = YES;
				CLANG_WARN_SUSPICIOUS_MOVE = YES;
				CLANG_WARN_UNGUARDED_AVAILABILITY = YES_AGGRESSIVE;
				CLANG_WARN_UNREACHABLE_CODE = YES;
				CLANG_WARN__DUPLICATE_METHOD_MATCH = YES;
				COPY_PHASE_STRIP = NO;
				DEBUG_INFORMATION_FORMAT = dwarf;
				ENABLE_STRICT_OBJC_MSGSEND = YES;
				ENABLE_TESTABILITY = YES;
				GCC_C_LANGUAGE_STANDARD = gnu11;
				GCC_DYNAMIC_NO_PIC = NO;
				GCC_NO_COMMON_BLOCKS = YES;
				GCC_OPTIMIZATION_LEVEL = 0;
				GCC_PREPROCESSOR_DEFINITIONS = (
					"DEBUG=1",
					"$(inherited)",
				);
				GCC_WARN_64_TO_32_BIT_CONVERSION = YES;
				GCC_WARN_ABOUT_RETURN_TYPE = YES_ERROR;
				GCC_WARN_UNDECLARED_SELECTOR = YES;
				GCC_WARN_UNINITIALIZED_AUTOS = YES_AGGRESSIVE;
				GCC_WARN_UNUSED_FUNCTION = YES;
				GCC_WARN_UNUSED_VARIABLE = YES;
				IPHONEOS_DEPLOYMENT_TARGET = 16.2;
				MTL_ENABLE_DEBUG_INFO = INCLUDE_SOURCE;
				MTL_FAST_MATH = YES;
				ONLY_ACTIVE_ARCH = YES;
				SDKROOT = iphoneos;
				SWIFT_ACTIVE_COMPILATION_CONDITIONS = DEBUG;
				SWIFT_OPTIMIZATION_LEVEL = "-Onone";
			};
			name = Debug;
		};
		F909844829B35989007DD0F8 /* Release */ = {
			isa = XCBuildConfiguration;
			buildSettings = {
				ALWAYS_SEARCH_USER_PATHS = NO;
				CLANG_ANALYZER_NONNULL = YES;
				CLANG_ANALYZER_NUMBER_OBJECT_CONVERSION = YES_AGGRESSIVE;
				CLANG_CXX_LANGUAGE_STANDARD = "gnu++20";
				CLANG_ENABLE_MODULES = YES;
				CLANG_ENABLE_OBJC_ARC = YES;
				CLANG_ENABLE_OBJC_WEAK = YES;
				CLANG_WARN_BLOCK_CAPTURE_AUTORELEASING = YES;
				CLANG_WARN_BOOL_CONVERSION = YES;
				CLANG_WARN_COMMA = YES;
				CLANG_WARN_CONSTANT_CONVERSION = YES;
				CLANG_WARN_DEPRECATED_OBJC_IMPLEMENTATIONS = YES;
				CLANG_WARN_DIRECT_OBJC_ISA_USAGE = YES_ERROR;
				CLANG_WARN_DOCUMENTATION_COMMENTS = YES;
				CLANG_WARN_EMPTY_BODY = YES;
				CLANG_WARN_ENUM_CONVERSION = YES;
				CLANG_WARN_INFINITE_RECURSION = YES;
				CLANG_WARN_INT_CONVERSION = YES;
				CLANG_WARN_NON_LITERAL_NULL_CONVERSION = YES;
				CLANG_WARN_OBJC_IMPLICIT_RETAIN_SELF = YES;
				CLANG_WARN_OBJC_LITERAL_CONVERSION = YES;
				CLANG_WARN_OBJC_ROOT_CLASS = YES_ERROR;
				CLANG_WARN_QUOTED_INCLUDE_IN_FRAMEWORK_HEADER = YES;
				CLANG_WARN_RANGE_LOOP_ANALYSIS = YES;
				CLANG_WARN_STRICT_PROTOTYPES = YES;
				CLANG_WARN_SUSPICIOUS_MOVE = YES;
				CLANG_WARN_UNGUARDED_AVAILABILITY = YES_AGGRESSIVE;
				CLANG_WARN_UNREACHABLE_CODE = YES;
				CLANG_WARN__DUPLICATE_METHOD_MATCH = YES;
				COPY_PHASE_STRIP = NO;
				DEBUG_INFORMATION_FORMAT = "dwarf-with-dsym";
				ENABLE_NS_ASSERTIONS = NO;
				ENABLE_STRICT_OBJC_MSGSEND = YES;
				GCC_C_LANGUAGE_STANDARD = gnu11;
				GCC_NO_COMMON_BLOCKS = YES;
				GCC_WARN_64_TO_32_BIT_CONVERSION = YES;
				GCC_WARN_ABOUT_RETURN_TYPE = YES_ERROR;
				GCC_WARN_UNDECLARED_SELECTOR = YES;
				GCC_WARN_UNINITIALIZED_AUTOS = YES_AGGRESSIVE;
				GCC_WARN_UNUSED_FUNCTION = YES;
				GCC_WARN_UNUSED_VARIABLE = YES;
				IPHONEOS_DEPLOYMENT_TARGET = 16.2;
				MTL_ENABLE_DEBUG_INFO = NO;
				MTL_FAST_MATH = YES;
				SDKROOT = iphoneos;
				SWIFT_COMPILATION_MODE = wholemodule;
				SWIFT_OPTIMIZATION_LEVEL = "-O";
				VALIDATE_PRODUCT = YES;
			};
			name = Release;
		};
		F909844A29B35989007DD0F8 /* Debug */ = {
			isa = XCBuildConfiguration;
			buildSettings = {
				ASSETCATALOG_COMPILER_APPICON_NAME = AppIcon;
				ASSETCATALOG_COMPILER_GLOBAL_ACCENT_COLOR_NAME = AccentColor;
				CODE_SIGN_STYLE = Automatic;
				CURRENT_PROJECT_VERSION = 1;
				DEVELOPMENT_ASSET_PATHS = "\"TwitterSwiftUI/Preview Content\"";
				DEVELOPMENT_TEAM = 8XKG9LNKYV;
				ENABLE_PREVIEWS = YES;
				GENERATE_INFOPLIST_FILE = YES;
				INFOPLIST_KEY_UIApplicationSceneManifest_Generation = YES;
				INFOPLIST_KEY_UIApplicationSupportsIndirectInputEvents = YES;
				INFOPLIST_KEY_UILaunchScreen_Generation = YES;
				INFOPLIST_KEY_UISupportedInterfaceOrientations_iPad = "UIInterfaceOrientationPortrait UIInterfaceOrientationPortraitUpsideDown UIInterfaceOrientationLandscapeLeft UIInterfaceOrientationLandscapeRight";
				INFOPLIST_KEY_UISupportedInterfaceOrientations_iPhone = "UIInterfaceOrientationPortrait UIInterfaceOrientationLandscapeLeft UIInterfaceOrientationLandscapeRight";
				LD_RUNPATH_SEARCH_PATHS = (
					"$(inherited)",
					"@executable_path/Frameworks",
				);
				MARKETING_VERSION = 1.0;
				PRODUCT_BUNDLE_IDENTIFIER = oceanform.TwitterSwiftUI;
				PRODUCT_NAME = "$(TARGET_NAME)";
				SWIFT_EMIT_LOC_STRINGS = YES;
				SWIFT_VERSION = 5.0;
				TARGETED_DEVICE_FAMILY = "1,2";
			};
			name = Debug;
		};
		F909844B29B35989007DD0F8 /* Release */ = {
			isa = XCBuildConfiguration;
			buildSettings = {
				ASSETCATALOG_COMPILER_APPICON_NAME = AppIcon;
				ASSETCATALOG_COMPILER_GLOBAL_ACCENT_COLOR_NAME = AccentColor;
				CODE_SIGN_STYLE = Automatic;
				CURRENT_PROJECT_VERSION = 1;
				DEVELOPMENT_ASSET_PATHS = "\"TwitterSwiftUI/Preview Content\"";
				DEVELOPMENT_TEAM = 8XKG9LNKYV;
				ENABLE_PREVIEWS = YES;
				GENERATE_INFOPLIST_FILE = YES;
				INFOPLIST_KEY_UIApplicationSceneManifest_Generation = YES;
				INFOPLIST_KEY_UIApplicationSupportsIndirectInputEvents = YES;
				INFOPLIST_KEY_UILaunchScreen_Generation = YES;
				INFOPLIST_KEY_UISupportedInterfaceOrientations_iPad = "UIInterfaceOrientationPortrait UIInterfaceOrientationPortraitUpsideDown UIInterfaceOrientationLandscapeLeft UIInterfaceOrientationLandscapeRight";
				INFOPLIST_KEY_UISupportedInterfaceOrientations_iPhone = "UIInterfaceOrientationPortrait UIInterfaceOrientationLandscapeLeft UIInterfaceOrientationLandscapeRight";
				LD_RUNPATH_SEARCH_PATHS = (
					"$(inherited)",
					"@executable_path/Frameworks",
				);
				MARKETING_VERSION = 1.0;
				PRODUCT_BUNDLE_IDENTIFIER = oceanform.TwitterSwiftUI;
				PRODUCT_NAME = "$(TARGET_NAME)";
				SWIFT_EMIT_LOC_STRINGS = YES;
				SWIFT_VERSION = 5.0;
				TARGETED_DEVICE_FAMILY = "1,2";
			};
			name = Release;
		};
/* End XCBuildConfiguration section */

/* Begin XCConfigurationList section */
		F909843629B35987007DD0F8 /* Build configuration list for PBXProject "TwitterSwiftUI" */ = {
			isa = XCConfigurationList;
			buildConfigurations = (
				F909844729B35989007DD0F8 /* Debug */,
				F909844829B35989007DD0F8 /* Release */,
			);
			defaultConfigurationIsVisible = 0;
			defaultConfigurationName = Release;
		};
		F909844929B35989007DD0F8 /* Build configuration list for PBXNativeTarget "TwitterSwiftUI" */ = {
			isa = XCConfigurationList;
			buildConfigurations = (
				F909844A29B35989007DD0F8 /* Debug */,
				F909844B29B35989007DD0F8 /* Release */,
			);
			defaultConfigurationIsVisible = 0;
			defaultConfigurationName = Release;
		};
/* End XCConfigurationList section */
	};
	rootObject = F909843329B35987007DD0F8 /* Project object */;
}
